
Microsoft Visual Studio Solution File, Format Version 12.00
# Visual Studio 2012
Project("{2150E333-8FDC-42A3-9474-1A3956D46DE8}") = "Solution Items", "Solution Items", "{8AD03C91-5B3D-42B9-915B-E9D2684F3A5E}"
	ProjectSection(SolutionItems) = preProject
		Appleseed.Services.API.vsmdi = Appleseed.Services.API.vsmdi
		Local.testsettings = Local.testsettings
		TraceAndTestImpact.testsettings = TraceAndTestImpact.testsettings
	EndProjectSection
EndProject
Project("{FAE04EC0-301F-11D3-BF4B-00C04F79EFBC}") = "Appleseed.Services.Web.Api", "Appleseed.Services.Web.Api\Appleseed.Services.Web.Api.csproj", "{C40B3388-6770-45EA-8234-55C7029EF69C}"
EndProject
Project("{FAE04EC0-301F-11D3-BF4B-00C04F79EFBC}") = "Appleseed.Services.Web.Api.Test", "Appleseed.Services.Web.Api.Test\Appleseed.Services.Web.Api.Test.csproj", "{B93691F1-CD39-470F-A317-D0CE0AA7CAB6}"
	ProjectSection(ProjectDependencies) = postProject
		{C40B3388-6770-45EA-8234-55C7029EF69C} = {C40B3388-6770-45EA-8234-55C7029EF69C}
	EndProjectSection
EndProject
Project("{FAE04EC0-301F-11D3-BF4B-00C04F79EFBC}") = "Appleseed.Portal.Database", "Appleseed.Portal.Database\Appleseed.Portal.Database.csproj", "{835F8E56-7CD7-4F23-ABC9-96529963E5FA}"
EndProject
Project("{FAE04EC0-301F-11D3-BF4B-00C04F79EFBC}") = "Appleseed.Services.Core", "..\Appleseed.Services.Core\Appleseed.Services.Core.csproj", "{DA298FAB-1CDD-44EB-B055-ED6CE0E9DD6A}"
EndProject
Project("{FAE04EC0-301F-11D3-BF4B-00C04F79EFBC}") = "Appleseed.Portal.Core", "Appleseed.Portal.Core\Appleseed.Portal.Core.csproj", "{41FBF338-8934-49C9-AAA9-C56E1BEE5B73}"
EndProject
Project("{FAE04EC0-301F-11D3-BF4B-00C04F79EFBC}") = "Appleseed.Portal.Domain", "Appleseed.Portal.Domain\Appleseed.Portal.Domain.csproj", "{88EF0EBC-8112-4DFA-83D0-76E0681E2813}"
EndProject
Global
	GlobalSection(TestCaseManagementSettings) = postSolution
		CategoryFile = Appleseed.Services.API.vsmdi
	EndGlobalSection
	GlobalSection(SolutionConfigurationPlatforms) = preSolution
		Debug|Any CPU = Debug|Any CPU
		Release|Any CPU = Release|Any CPU
	EndGlobalSection
	GlobalSection(ProjectConfigurationPlatforms) = postSolution
		{C40B3388-6770-45EA-8234-55C7029EF69C}.Debug|Any CPU.ActiveCfg = Debug|Any CPU
		{C40B3388-6770-45EA-8234-55C7029EF69C}.Debug|Any CPU.Build.0 = Debug|Any CPU
		{C40B3388-6770-45EA-8234-55C7029EF69C}.Release|Any CPU.ActiveCfg = Release|Any CPU
		{C40B3388-6770-45EA-8234-55C7029EF69C}.Release|Any CPU.Build.0 = Release|Any CPU
		{B93691F1-CD39-470F-A317-D0CE0AA7CAB6}.Debug|Any CPU.ActiveCfg = Debug|Any CPU
		{B93691F1-CD39-470F-A317-D0CE0AA7CAB6}.Debug|Any CPU.Build.0 = Debug|Any CPU
		{B93691F1-CD39-470F-A317-D0CE0AA7CAB6}.Release|Any CPU.ActiveCfg = Release|Any CPU
		{B93691F1-CD39-470F-A317-D0CE0AA7CAB6}.Release|Any CPU.Build.0 = Release|Any CPU
		{835F8E56-7CD7-4F23-ABC9-96529963E5FA}.Debug|Any CPU.ActiveCfg = Debug|Any CPU
		{835F8E56-7CD7-4F23-ABC9-96529963E5FA}.Debug|Any CPU.Build.0 = Debug|Any CPU
		{835F8E56-7CD7-4F23-ABC9-96529963E5FA}.Release|Any CPU.ActiveCfg = Release|Any CPU
		{835F8E56-7CD7-4F23-ABC9-96529963E5FA}.Release|Any CPU.Build.0 = Release|Any CPU
		{DA298FAB-1CDD-44EB-B055-ED6CE0E9DD6A}.Debug|Any CPU.ActiveCfg = Debug|Any CPU
		{DA298FAB-1CDD-44EB-B055-ED6CE0E9DD6A}.Debug|Any CPU.Build.0 = Debug|Any CPU
		{DA298FAB-1CDD-44EB-B055-ED6CE0E9DD6A}.Release|Any CPU.ActiveCfg = Release|Any CPU
		{DA298FAB-1CDD-44EB-B055-ED6CE0E9DD6A}.Release|Any CPU.Build.0 = Release|Any CPU
		{41FBF338-8934-49C9-AAA9-C56E1BEE5B73}.Debug|Any CPU.ActiveCfg = Debug|Any CPU
		{41FBF338-8934-49C9-AAA9-C56E1BEE5B73}.Debug|Any CPU.Build.0 = Debug|Any CPU
		{41FBF338-8934-49C9-AAA9-C56E1BEE5B73}.Release|Any CPU.ActiveCfg = Release|Any CPU
		{41FBF338-8934-49C9-AAA9-C56E1BEE5B73}.Release|Any CPU.Build.0 = Release|Any CPU
		{88EF0EBC-8112-4DFA-83D0-76E0681E2813}.Debug|Any CPU.ActiveCfg = Debug|Any CPU
		{88EF0EBC-8112-4DFA-83D0-76E0681E2813}.Debug|Any CPU.Build.0 = Debug|Any CPU
		{88EF0EBC-8112-4DFA-83D0-76E0681E2813}.Release|Any CPU.ActiveCfg = Release|Any CPU
		{88EF0EBC-8112-4DFA-83D0-76E0681E2813}.Release|Any CPU.Build.0 = Release|Any CPU
	EndGlobalSection
	GlobalSection(SolutionProperties) = preSolution
		HideSolutionNode = FALSE
	EndGlobalSection
EndGlobal
